
Microsoft Visual Studio Solution File, Format Version 12.00
# Visual Studio 15
VisualStudioVersion = 15.0.28010.2019
MinimumVisualStudioVersion = 10.0.40219.1
Project("{FAE04EC0-301F-11D3-BF4B-00C04F79EFBC}") = "webFormsCodeista", "webFormsCodeista.csproj", "{FD0F43C8-FDFB-4B58-8D09-1972D17A4D77}"
EndProject
Global
	GlobalSection(SolutionConfigurationPlatforms) = preSolution
		Debug|Any CPU = Debug|Any CPU
		Release|Any CPU = Release|Any CPU
	EndGlobalSection
	GlobalSection(ProjectConfigurationPlatforms) = postSolution
		{FD0F43C8-FDFB-4B58-8D09-1972D17A4D77}.Debug|Any CPU.ActiveCfg = Debug|Any CPU
		{FD0F43C8-FDFB-4B58-8D09-1972D17A4D77}.Debug|Any CPU.Build.0 = Debug|Any CPU
		{FD0F43C8-FDFB-4B58-8D09-1972D17A4D77}.Release|Any CPU.ActiveCfg = Release|Any CPU
		{FD0F43C8-FDFB-4B58-8D09-1972D17A4D77}.Release|Any CPU.Build.0 = Release|Any CPU
	EndGlobalSection
	GlobalSection(SolutionProperties) = preSolution
		HideSolutionNode = FALSE
	EndGlobalSection
	GlobalSection(ExtensibilityGlobals) = postSolution
		SolutionGuid = {6429A07A-C361-44E2-9C00-1326023B88E6}
	EndGlobalSection
EndGlobal
